
Microsoft Visual Studio Solution File, Format Version 12.00
# Visual Studio Version 17
VisualStudioVersion = 17.2.32526.322
MinimumVisualStudioVersion = 10.0.40219.1
Project("{FAE04EC0-301F-11D3-BF4B-00C04F79EFBC}") = "FixReportSystem", "FixReportSystem\FixReportSystem.csproj", "{6AF3A737-B326-4D6B-985C-0F4733F6D7F6}"
EndProject
Global
	GlobalSection(SolutionConfigurationPlatforms) = preSolution
		Debug|Any CPU = Debug|Any CPU
		Release|Any CPU = Release|Any CPU
	EndGlobalSection
	GlobalSection(ProjectConfigurationPlatforms) = postSolution
		{6AF3A737-B326-4D6B-985C-0F4733F6D7F6}.Debug|Any CPU.ActiveCfg = Debug|Any CPU
		{6AF3A737-B326-4D6B-985C-0F4733F6D7F6}.Debug|Any CPU.Build.0 = Debug|Any CPU
		{6AF3A737-B326-4D6B-985C-0F4733F6D7F6}.Release|Any CPU.ActiveCfg = Release|Any CPU
		{6AF3A737-B326-4D6B-985C-0F4733F6D7F6}.Release|Any CPU.Build.0 = Release|Any CPU
	EndGlobalSection
	GlobalSection(SolutionProperties) = preSolution
		HideSolutionNode = FALSE
	EndGlobalSection
	GlobalSection(ExtensibilityGlobals) = postSolution
		SolutionGuid = {2A6D706A-B603-447C-8C06-E32BC6919FC0}
	EndGlobalSection
EndGlobal
